
Microsoft Visual Studio Solution File, Format Version 12.00
# Visual Studio Version 17
VisualStudioVersion = 17.7.34221.43
MinimumVisualStudioVersion = 10.0.40219.1
Project("{FAE04EC0-301F-11D3-BF4B-00C04F79EFBC}") = "DatabaseReader", "DatabaseReader\DatabaseReader.csproj", "{1353FBFB-A230-4C10-9DA6-FA10A1B1C7A5}"
EndProject
Global
	GlobalSection(SolutionConfigurationPlatforms) = preSolution
		Debug|Any CPU = Debug|Any CPU
		Release|Any CPU = Release|Any CPU
	EndGlobalSection
	GlobalSection(ProjectConfigurationPlatforms) = postSolution
		{1353FBFB-A230-4C10-9DA6-FA10A1B1C7A5}.Debug|Any CPU.ActiveCfg = Debug|Any CPU
		{1353FBFB-A230-4C10-9DA6-FA10A1B1C7A5}.Debug|Any CPU.Build.0 = Debug|Any CPU
		{1353FBFB-A230-4C10-9DA6-FA10A1B1C7A5}.Release|Any CPU.ActiveCfg = Release|Any CPU
		{1353FBFB-A230-4C10-9DA6-FA10A1B1C7A5}.Release|Any CPU.Build.0 = Release|Any CPU
	EndGlobalSection
	GlobalSection(SolutionProperties) = preSolution
		HideSolutionNode = FALSE
	EndGlobalSection
	GlobalSection(ExtensibilityGlobals) = postSolution
		SolutionGuid = {BE3A31C7-EC7B-469F-845D-E2E8283D0600}
	EndGlobalSection
EndGlobal
